
Microsoft Visual Studio Solution File, Format Version 12.00
# Visual Studio Version 16
VisualStudioVersion = 16.0.31205.134
MinimumVisualStudioVersion = 10.0.40219.1
Project("{FAE04EC0-301F-11D3-BF4B-00C04F79EFBC}") = "ReconBeta", "ReconBeta.csproj", "{DBC0445F-FD5A-4107-B8F0-18F18282AE19}"
EndProject
Global
	GlobalSection(SolutionConfigurationPlatforms) = preSolution
		Debug|Any CPU = Debug|Any CPU
		Release|Any CPU = Release|Any CPU
	EndGlobalSection
	GlobalSection(ProjectConfigurationPlatforms) = postSolution
		{DBC0445F-FD5A-4107-B8F0-18F18282AE19}.Debug|Any CPU.ActiveCfg = Debug|Any CPU
		{DBC0445F-FD5A-4107-B8F0-18F18282AE19}.Debug|Any CPU.Build.0 = Debug|Any CPU
		{DBC0445F-FD5A-4107-B8F0-18F18282AE19}.Release|Any CPU.ActiveCfg = Release|Any CPU
		{DBC0445F-FD5A-4107-B8F0-18F18282AE19}.Release|Any CPU.Build.0 = Release|Any CPU
	EndGlobalSection
	GlobalSection(SolutionProperties) = preSolution
		HideSolutionNode = FALSE
	EndGlobalSection
	GlobalSection(ExtensibilityGlobals) = postSolution
		SolutionGuid = {D9C3F345-B129-4CD4-AE6D-FFB138A4DE48}
	EndGlobalSection
EndGlobal
